
Microsoft Visual Studio Solution File, Format Version 12.00
# Visual Studio Version 16
VisualStudioVersion = 16.0.30104.148
MinimumVisualStudioVersion = 10.0.40219.1
Project("{FAE04EC0-301F-11D3-BF4B-00C04F79EFBC}") = "LearningOnSteroids.API", "LearningOnSteroids.API\LearningOnSteroids.API.csproj", "{197C7A8F-3BA3-4369-BD9D-F03C82FC7AF0}"
EndProject
Project("{FAE04EC0-301F-11D3-BF4B-00C04F79EFBC}") = "LearningOnSteroids.Storage", "LearningOnSteroids.Storage\LearningOnSteroids.Storage.csproj", "{B4742DB4-C9B9-49C3-90AB-0A0F516C2007}"
EndProject
Global
	GlobalSection(SolutionConfigurationPlatforms) = preSolution
		Debug|Any CPU = Debug|Any CPU
		Release|Any CPU = Release|Any CPU
	EndGlobalSection
	GlobalSection(ProjectConfigurationPlatforms) = postSolution
		{197C7A8F-3BA3-4369-BD9D-F03C82FC7AF0}.Debug|Any CPU.ActiveCfg = Debug|Any CPU
		{197C7A8F-3BA3-4369-BD9D-F03C82FC7AF0}.Debug|Any CPU.Build.0 = Debug|Any CPU
		{197C7A8F-3BA3-4369-BD9D-F03C82FC7AF0}.Release|Any CPU.ActiveCfg = Release|Any CPU
		{197C7A8F-3BA3-4369-BD9D-F03C82FC7AF0}.Release|Any CPU.Build.0 = Release|Any CPU
		{B4742DB4-C9B9-49C3-90AB-0A0F516C2007}.Debug|Any CPU.ActiveCfg = Debug|Any CPU
		{B4742DB4-C9B9-49C3-90AB-0A0F516C2007}.Debug|Any CPU.Build.0 = Debug|Any CPU
		{B4742DB4-C9B9-49C3-90AB-0A0F516C2007}.Release|Any CPU.ActiveCfg = Release|Any CPU
		{B4742DB4-C9B9-49C3-90AB-0A0F516C2007}.Release|Any CPU.Build.0 = Release|Any CPU
	EndGlobalSection
	GlobalSection(SolutionProperties) = preSolution
		HideSolutionNode = FALSE
	EndGlobalSection
	GlobalSection(ExtensibilityGlobals) = postSolution
		SolutionGuid = {91865450-FDF8-45C8-B302-56A5F9C63DE6}
	EndGlobalSection
EndGlobal
